
Microsoft Visual Studio Solution File, Format Version 12.00
# Visual Studio Version 17
VisualStudioVersion = 17.2.32602.215
MinimumVisualStudioVersion = 10.0.40219.1
Project("{9A19103F-16F7-4668-BE54-9A1E7A4F7556}") = "GrateCheeses.Api", "GrateCheeses.Api\GrateCheeses.Api.csproj", "{1D55A974-DDE0-4410-9B72-ADB3B55FADF3}"
EndProject
Project("{FAE04EC0-301F-11D3-BF4B-00C04F79EFBC}") = "GrateCheeses.Test", "GrateCheeses.Test\GrateCheeses.Test.csproj", "{A88DD4E9-D37E-46D1-95A2-537B0AC6C75D}"
EndProject
Global
	GlobalSection(SolutionConfigurationPlatforms) = preSolution
		Debug|Any CPU = Debug|Any CPU
		Release|Any CPU = Release|Any CPU
	EndGlobalSection
	GlobalSection(ProjectConfigurationPlatforms) = postSolution
		{1D55A974-DDE0-4410-9B72-ADB3B55FADF3}.Debug|Any CPU.ActiveCfg = Debug|Any CPU
		{1D55A974-DDE0-4410-9B72-ADB3B55FADF3}.Debug|Any CPU.Build.0 = Debug|Any CPU
		{1D55A974-DDE0-4410-9B72-ADB3B55FADF3}.Release|Any CPU.ActiveCfg = Release|Any CPU
		{1D55A974-DDE0-4410-9B72-ADB3B55FADF3}.Release|Any CPU.Build.0 = Release|Any CPU
		{A88DD4E9-D37E-46D1-95A2-537B0AC6C75D}.Debug|Any CPU.ActiveCfg = Debug|Any CPU
		{A88DD4E9-D37E-46D1-95A2-537B0AC6C75D}.Debug|Any CPU.Build.0 = Debug|Any CPU
		{A88DD4E9-D37E-46D1-95A2-537B0AC6C75D}.Release|Any CPU.ActiveCfg = Release|Any CPU
		{A88DD4E9-D37E-46D1-95A2-537B0AC6C75D}.Release|Any CPU.Build.0 = Release|Any CPU
	EndGlobalSection
	GlobalSection(SolutionProperties) = preSolution
		HideSolutionNode = FALSE
	EndGlobalSection
	GlobalSection(ExtensibilityGlobals) = postSolution
		SolutionGuid = {84953F14-44A2-426B-B2B1-92EBE0C3CAD9}
	EndGlobalSection
EndGlobal
